{
  "name": "plugins",
  "lockfileVersion": 2,
  "requires": true,
  "packages": {
    "": {
      "dependencies": {
        "source-code-pro": "github:adobe-fonts/source-code-pro#release"
      }
    },
    "node_modules/source-code-pro": {
      "version": "2.38.0",
      "resolved": "git+ssh://git@github.com/adobe-fonts/source-code-pro.git#283edc7f4cc8e66fb4463ddd91e6b3b64ebf1b0e",
      "license": "OFL-1.1"
    }
  },
  "dependencies": {
    "source-code-pro": {
      "version": "git+ssh://git@github.com/adobe-fonts/source-code-pro.git#283edc7f4cc8e66fb4463ddd91e6b3b64ebf1b0e",
      "from": "source-code-pro@git://github.com/adobe-fonts/source-code-pro.git#release"
    }
  }
}
